{
  "name": "aqua",
  "version": "1.0.0",
  "lockfileVersion": 2,
  "requires": true,
  "packages": {
    "": {
      "name": "aqua",
      "version": "1.0.0",
      "license": "ISC",
      "dependencies": {
        "@fluencelabs/aqua-lib": "^0.6.0"
      }
    },
    "node_modules/@fluencelabs/aqua-lib": {
      "version": "0.6.0",
      "resolved": "https://registry.npmjs.org/@fluencelabs/aqua-lib/-/aqua-lib-0.6.0.tgz",
      "integrity": "sha512-ifjtCM93KO3LhzPkMxqmXhwLmrg/scjOiyTihEVg7ns5N+BVzaK1eWzdOdqGdl9ZVoah43pdlQUepEo7VdRmsw=="
    }
  },
  "dependencies": {
    "@fluencelabs/aqua-lib": {
      "version": "0.6.0",
      "resolved": "https://registry.npmjs.org/@fluencelabs/aqua-lib/-/aqua-lib-0.6.0.tgz",
      "integrity": "sha512-ifjtCM93KO3LhzPkMxqmXhwLmrg/scjOiyTihEVg7ns5N+BVzaK1eWzdOdqGdl9ZVoah43pdlQUepEo7VdRmsw=="
    }
  }
}
